# Generated by move; do not edit
# This file should be checked in.

[move]
version = 3
manifest_digest = "3000442201DE776B0FC8FBADF109375826B17DE98CC3FBF3773CF2537F17E8FB"
deps_digest = "F8BBB0CCB2491CA29A3DF03D6F92277A4F3574266507ACD77214D37ECA3F3082"
dependencies = [
  { id = "Sui", name = "Sui" },
]

[[move.package]]
id = "MoveStdlib"
source = { git = "https://github.com/MystenLabs/sui.git", rev = "framework/devnet", subdir = "crates/sui-framework/packages/move-stdlib" }

[[move.package]]
id = "Sui"
source = { git = "https://github.com/MystenLabs/sui.git", rev = "framework/devnet", subdir = "crates/sui-framework/packages/sui-framework" }

dependencies = [
  { id = "MoveStdlib", name = "MoveStdlib" },
]

[move.toolchain-version]
compiler-version = "1.62.1"
edition = "2024.beta"
flavor = "sui"

[pinned.nasun-devnet.MoveStdlib]
source = { git = "https://github.com/MystenLabs/sui.git", subdir = "crates/sui-framework/packages/move-stdlib", rev = "ad937889f2f99bc666b05aaeadccb0d3d7d1f863" }
use_environment = "nasun-devnet"
manifest_digest = "C4FE4C91DE74CBF223B2E380AE40F592177D21870DC2D7EB6227D2D694E05363"
deps = {}

[pinned.nasun-devnet.Sui]
source = { git = "https://github.com/MystenLabs/sui.git", subdir = "crates/sui-framework/packages/sui-framework", rev = "ad937889f2f99bc666b05aaeadccb0d3d7d1f863" }
use_environment = "nasun-devnet"
manifest_digest = "518E3A3B71FC55CAAD005026C6A6DE447A4F23EFEB0F0E9949A4E3CB9132D8ED"
deps = { MoveStdlib = "MoveStdlib" }

[pinned.nasun-devnet.governance]
source = { root = true }
use_environment = "nasun-devnet"
manifest_digest = "7A98416A2607F79F1CB4ACB621E05468217D0FCDF56F1CBA8ECEDEAAC000B472"
deps = { std = "MoveStdlib", sui = "Sui" }

[env]

[env.devnet]
chain-id = "4c879694"
original-published-id = "0xcd753b00e5c298c8b8d37e74ac36732de04f1f2f3a3409d1e67d10ed3126ba1c"
latest-published-id = "0x77153fb28cf00adb7e59a62b057d7cbfcf26dabc4bc9daad8073e5321b22c0af"
published-version = "2"
