# Generated by move; do not edit
# This file should be checked in.

[move]
version = 3
manifest_digest = "65153E5BA8E9244C746C49BF47EDB32EF70CBFA6456DA8C38AB2B04145D87B76"
deps_digest = "F9B494B64F0615AED0E98FC12A85B85ECD2BC5185C22D30E7F67786BB52E507C"
dependencies = [
  { id = "Bridge", name = "Bridge" },
  { id = "MoveStdlib", name = "MoveStdlib" },
  { id = "Sui", name = "Sui" },
  { id = "SuiSystem", name = "SuiSystem" },
]

[[move.package]]
id = "Bridge"
source = { git = "https://github.com/MystenLabs/sui.git", rev = "ad937889f2f99bc666b05aaeadccb0d3d7d1f863", subdir = "crates/sui-framework/packages/bridge" }

dependencies = [
  { id = "MoveStdlib", name = "MoveStdlib" },
  { id = "Sui", name = "Sui" },
  { id = "SuiSystem", name = "SuiSystem" },
]

[[move.package]]
id = "MoveStdlib"
source = { git = "https://github.com/MystenLabs/sui.git", rev = "ad937889f2f99bc666b05aaeadccb0d3d7d1f863", subdir = "crates/sui-framework/packages/move-stdlib" }

[pinned.nasun-devnet.MoveStdlib]
source = { git = "https://github.com/MystenLabs/sui.git", subdir = "crates/sui-framework/packages/move-stdlib", rev = "ad937889f2f99bc666b05aaeadccb0d3d7d1f863" }
use_environment = "nasun-devnet"
manifest_digest = "C4FE4C91DE74CBF223B2E380AE40F592177D21870DC2D7EB6227D2D694E05363"
deps = {}

[[move.package]]
id = "Sui"
source = { git = "https://github.com/MystenLabs/sui.git", rev = "ad937889f2f99bc666b05aaeadccb0d3d7d1f863", subdir = "crates/sui-framework/packages/sui-framework" }

dependencies = [
  { id = "MoveStdlib", name = "MoveStdlib" },
]

[pinned.nasun-devnet.Sui]
source = { git = "https://github.com/MystenLabs/sui.git", subdir = "crates/sui-framework/packages/sui-framework", rev = "ad937889f2f99bc666b05aaeadccb0d3d7d1f863" }
use_environment = "nasun-devnet"
manifest_digest = "518E3A3B71FC55CAAD005026C6A6DE447A4F23EFEB0F0E9949A4E3CB9132D8ED"
deps = { MoveStdlib = "MoveStdlib" }

[[move.package]]
id = "SuiSystem"
source = { git = "https://github.com/MystenLabs/sui.git", rev = "ad937889f2f99bc666b05aaeadccb0d3d7d1f863", subdir = "crates/sui-framework/packages/sui-system" }

dependencies = [
  { id = "MoveStdlib", name = "MoveStdlib" },
  { id = "Sui", name = "Sui" },
]

[move.toolchain-version]
compiler-version = "1.62.1"
edition = "2024.beta"
flavor = "sui"

[pinned.nasun-devnet.governance]
source = { root = true }
use_environment = "nasun-devnet"
manifest_digest = "7A98416A2607F79F1CB4ACB621E05468217D0FCDF56F1CBA8ECEDEAAC000B472"
deps = { std = "MoveStdlib", sui = "Sui" }

[env]

[env.devnet]
chain-id = "4c879694"
original-published-id = "0xcd753b00e5c298c8b8d37e74ac36732de04f1f2f3a3409d1e67d10ed3126ba1c"
latest-published-id = "0xcd753b00e5c298c8b8d37e74ac36732de04f1f2f3a3409d1e67d10ed3126ba1c"
published-version = "1"
