# Generated by move; do not edit
# This file should be checked in.

[move]
version = 4

[pinned.devnet.MoveStdlib]
source = { local = "<NASUN_DEVNET>/sui/crates/sui-framework/packages/move-stdlib" }
use_environment = "devnet"
manifest_digest = "C4FE4C91DE74CBF223B2E380AE40F592177D21870DC2D7EB6227D2D694E05363"
deps = {}

[pinned.devnet.Sui]
source = { local = "<NASUN_DEVNET>/sui/crates/sui-framework/packages/sui-framework" }
use_environment = "devnet"
manifest_digest = "E2EF92175C2575B1EA85274B70A9CFD8DE08662B35A68669746BBE7BAC06C17A"
deps = { MoveStdlib = "MoveStdlib" }

[pinned.devnet.devnet_tokens]
source = { local = "../../../packages/devnet-tokens" }
use_environment = "devnet"
manifest_digest = "D753EFE50789161503BEDFF442C2F3653AE256963623AA8BF35DD0142DB99258"
deps = { Sui = "Sui" }

[pinned.devnet.pado_oracle]
source = { local = "../contracts-oracle" }
use_environment = "devnet"
manifest_digest = "D753EFE50789161503BEDFF442C2F3653AE256963623AA8BF35DD0142DB99258"
deps = { Sui = "Sui" }

[pinned.devnet.pado_perp]
source = { root = true }
use_environment = "devnet"
manifest_digest = "9E42A41E3AFB94BC47434089C29ABE544EF51FBB1D4B89C567611C2853F3E978"
deps = { Sui = "Sui", devnet_tokens = "devnet_tokens", pado_oracle = "pado_oracle" }
