# Generated by move; do not edit
# This file should be checked in.

[move]
version = 4

[pinned.testnet.MoveStdlib]
source = { git = "https://github.com/MystenLabs/sui.git", subdir = "crates/sui-framework/packages/move-stdlib", rev = "563c15820b27dec9cbe75f826a3b6243ef44da1a" }
use_environment = "testnet"
manifest_digest = "C4FE4C91DE74CBF223B2E380AE40F592177D21870DC2D7EB6227D2D694E05363"
deps = {}

[pinned.testnet.MoveStdlib_1]
source = { git = "https://github.com/MystenLabs/sui.git", subdir = "crates/sui-framework/packages/move-stdlib", rev = "041c5f2bae2fe52079e44b70514333532d69f4e6" }
use_environment = "testnet"
manifest_digest = "C4FE4C91DE74CBF223B2E380AE40F592177D21870DC2D7EB6227D2D694E05363"
deps = {}

[pinned.testnet.MoveStdlib_2]
source = { local = "/home/naru/my_apps/nasun-devnet/sui/crates/sui-framework/packages/move-stdlib" }
use_environment = "testnet"
manifest_digest = "C4FE4C91DE74CBF223B2E380AE40F592177D21870DC2D7EB6227D2D694E05363"
deps = {}

[pinned.testnet.Pyth]
source = { git = "https://github.com/pyth-network/pyth-crosschain.git", subdir = "target_chains/sui/contracts", rev = "07959faaf0995f7286a4a18ad32f3eee3a9b581d" }
use_environment = "testnet"
manifest_digest = "87B2EE2564FAA79CA9CD7ABB3F2A6A9DA8DBE76D2F2F282AA7DB4B146783431C"
deps = { Sui = "Sui_1", Wormhole = "Wormhole" }

[pinned.testnet.Sui]
source = { git = "https://github.com/MystenLabs/sui.git", subdir = "crates/sui-framework/packages/sui-framework", rev = "563c15820b27dec9cbe75f826a3b6243ef44da1a" }
use_environment = "testnet"
manifest_digest = "7AFB66695545775FBFBB2D3078ADFD084244D5002392E837FDE21D9EA1C6D01C"
deps = { MoveStdlib = "MoveStdlib" }

[pinned.testnet.Sui_1]
source = { git = "https://github.com/MystenLabs/sui.git", subdir = "crates/sui-framework/packages/sui-framework", rev = "041c5f2bae2fe52079e44b70514333532d69f4e6" }
use_environment = "testnet"
manifest_digest = "7AFB66695545775FBFBB2D3078ADFD084244D5002392E837FDE21D9EA1C6D01C"
deps = { MoveStdlib = "MoveStdlib_1" }

[pinned.testnet.Sui_2]
source = { local = "/home/naru/my_apps/nasun-devnet/sui/crates/sui-framework/packages/sui-framework" }
use_environment = "testnet"
manifest_digest = "7AFB66695545775FBFBB2D3078ADFD084244D5002392E837FDE21D9EA1C6D01C"
deps = { MoveStdlib = "MoveStdlib_2" }

[pinned.testnet.Wormhole]
source = { git = "https://github.com/wormhole-foundation/wormhole.git", subdir = "sui/wormhole", rev = "82d82bffd5a8566e4b5d94be4e4678ad55ab1f4f" }
use_environment = "testnet"
manifest_digest = "6996F1AB8CD448FFBA142C085C488FE8A46B485E61E38A1891EFA52B30D9C12E"
deps = { Sui = "Sui_1" }

[pinned.testnet.deepbook]
source = { local = "../deepbook" }
use_environment = "testnet"
manifest_digest = "4BE085C0C978BAD6CD873E2A7E3DF0C73AC200279E39642F0FAB4EE3E001F424"
deps = { Sui = "Sui_2", token = "token" }

[pinned.testnet.deepbook_margin]
source = { root = true }
use_environment = "testnet"
manifest_digest = "EA42B4A53A9D249652B3A3F814CF6D525924F0FF7F8D38BB3B19E29273D78945"
deps = { Pyth = "Pyth", deepbook = "deepbook", std = "MoveStdlib", sui = "Sui", token = "token_1" }

[pinned.testnet.token]
source = { local = "../token" }
use_environment = "testnet"
manifest_digest = "6CED66EA1768994169D16E035FD20FEF7C32C432A4CC5696476234A79C14CE40"
deps = { Sui = "Sui_2" }

[pinned.testnet.token_1]
source = { git = "https://github.com/MystenLabs/deepbookv3.git", subdir = "packages/token", rev = "7ca2d14e937933fadb57c6981311e7cfe41bf772" }
use_environment = "testnet"
manifest_digest = "5745706258F61D6CE210904B3E6AE87A73CE9D31A6F93BE4718C442529332A87"
deps = { std = "MoveStdlib", sui = "Sui" }
