# @generated by Move, please check-in and do not edit manually.

[move]
version = 3
manifest_digest = "60DC870306304BDC5040C51729D9B5CAFE0709D4B0E2C9BE3FBF5D72CAC47E0C"
deps_digest = "3C4103934B1E040BB6B23F1D610B4EF9F2F1166A50A104EADCF77467C004C600"
dependencies = [
  { id = "Sui", name = "Sui" },
  { id = "pado_tokens", name = "pado_tokens" },
]

[[move.package]]
id = "MoveStdlib"
source = { git = "https://github.com/MystenLabs/sui.git", rev = "framework/testnet", subdir = "crates/sui-framework/packages/move-stdlib" }

[[move.package]]
id = "Sui"
source = { git = "https://github.com/MystenLabs/sui.git", rev = "framework/testnet", subdir = "crates/sui-framework/packages/sui-framework" }

dependencies = [
  { id = "MoveStdlib", name = "MoveStdlib" },
]

[[move.package]]
id = "pado_tokens"
source = { local = "../contracts" }

dependencies = [
  { id = "Sui", name = "Sui" },
]

[move.toolchain-version]
compiler-version = "1.62.1"
edition = "2024"
flavor = "sui"

[env]

[env.devnet]
chain-id = "4c879694"
original-published-id = "0x2886424ff9b3ed9ecdb408ea1f68ca9598efbcbf796311ad3dc33c97d31d63c7"
latest-published-id = "0x2886424ff9b3ed9ecdb408ea1f68ca9598efbcbf796311ad3dc33c97d31d63c7"
published-version = "1"
