# Generated by move; do not edit
# This file should be checked in.

[move]
version = 3
manifest_digest = "80E8FB40C6238F5E755176132FFA51FBAABF0262E19F3014CD4FF0E2F9E75717"
deps_digest = "060AD7E57DFB13104F21BE5F5C3759D03F0553FC3229247D9A7A6B45F50D03A3"
dependencies = [
  { id = "Sui", name = "Sui" },
  { id = "devnet_tokens", name = "devnet_tokens" },
  { id = "pado_oracle", name = "pado_oracle" },
]

[[move.package]]
id = "MoveStdlib"
source = { local = "/home/naru/my_apps/nasun-devnet/sui/crates/sui-framework/packages/move-stdlib" }

[[move.package]]
id = "Sui"
source = { local = "/home/naru/my_apps/nasun-devnet/sui/crates/sui-framework/packages/sui-framework" }

dependencies = [
  { id = "MoveStdlib", name = "MoveStdlib" },
]

[[move.package]]
id = "devnet_tokens"
source = { local = "../../../packages/devnet-tokens" }

dependencies = [
  { id = "Sui", name = "Sui" },
]

[[move.package]]
id = "pado_oracle"
source = { local = "../contracts-oracle" }

dependencies = [
  { id = "Sui", name = "Sui" },
]

[move.toolchain-version]
compiler-version = "1.62.1"
edition = "2024"
flavor = "sui"

[pinned.devnet.MoveStdlib]
source = { local = "/home/naru/my_apps/nasun-devnet/sui/crates/sui-framework/packages/move-stdlib" }
use_environment = "devnet"
manifest_digest = "C4FE4C91DE74CBF223B2E380AE40F592177D21870DC2D7EB6227D2D694E05363"
deps = {}

[pinned.devnet.Sui]
source = { local = "/home/naru/my_apps/nasun-devnet/sui/crates/sui-framework/packages/sui-framework" }
use_environment = "devnet"
manifest_digest = "E2EF92175C2575B1EA85274B70A9CFD8DE08662B35A68669746BBE7BAC06C17A"
deps = { MoveStdlib = "MoveStdlib" }

[pinned.devnet.devnet_tokens]
source = { local = "../../../packages/devnet-tokens" }
use_environment = "devnet"
manifest_digest = "D753EFE50789161503BEDFF442C2F3653AE256963623AA8BF35DD0142DB99258"
deps = { Sui = "Sui" }

[pinned.devnet.pado_oracle]
source = { local = "../contracts-oracle" }
use_environment = "devnet"
manifest_digest = "D753EFE50789161503BEDFF442C2F3653AE256963623AA8BF35DD0142DB99258"
deps = { Sui = "Sui" }

[pinned.devnet.unified_margin]
source = { root = true }
use_environment = "devnet"
manifest_digest = "9E42A41E3AFB94BC47434089C29ABE544EF51FBB1D4B89C567611C2853F3E978"
deps = { Sui = "Sui", devnet_tokens = "devnet_tokens", pado_oracle = "pado_oracle" }

[pinned.testnet.MoveStdlib]
source = { local = "/home/naru/my_apps/nasun-devnet/sui/crates/sui-framework/packages/move-stdlib" }
use_environment = "testnet"
manifest_digest = "C4FE4C91DE74CBF223B2E380AE40F592177D21870DC2D7EB6227D2D694E05363"
deps = {}

[pinned.testnet.Sui]
source = { local = "/home/naru/my_apps/nasun-devnet/sui/crates/sui-framework/packages/sui-framework" }
use_environment = "testnet"
manifest_digest = "7AFB66695545775FBFBB2D3078ADFD084244D5002392E837FDE21D9EA1C6D01C"
deps = { MoveStdlib = "MoveStdlib" }

[pinned.testnet.devnet_tokens]
source = { local = "../../../packages/devnet-tokens" }
use_environment = "testnet"
manifest_digest = "6CED66EA1768994169D16E035FD20FEF7C32C432A4CC5696476234A79C14CE40"
deps = { Sui = "Sui" }

[pinned.testnet.pado_oracle]
source = { local = "../contracts-oracle" }
use_environment = "testnet"
manifest_digest = "6CED66EA1768994169D16E035FD20FEF7C32C432A4CC5696476234A79C14CE40"
deps = { Sui = "Sui" }

[pinned.testnet.unified_margin]
source = { root = true }
use_environment = "testnet"
manifest_digest = "3BF10E10D41862B731BE5D46AD78F21A22E00207CE68C361D050A618987C5861"
deps = { Sui = "Sui", devnet_tokens = "devnet_tokens", pado_oracle = "pado_oracle" }
