# Generated by move; do not edit
# This file should be checked in.

[move]
version = 4

[pinned.devnet.MoveStdlib]
source = { git = "https://github.com/MystenLabs/sui.git", subdir = "crates/sui-framework/packages/move-stdlib", rev = "22f9fc9781732d651e18384c9a8eb1dabddf73a6" }
use_environment = "devnet"
manifest_digest = "C4FE4C91DE74CBF223B2E380AE40F592177D21870DC2D7EB6227D2D694E05363"
deps = {}

[pinned.devnet.MoveStdlib_1]
source = { local = "/home/naru/my_apps/nasun-devnet/sui/crates/sui-framework/packages/move-stdlib" }
use_environment = "devnet"
manifest_digest = "C4FE4C91DE74CBF223B2E380AE40F592177D21870DC2D7EB6227D2D694E05363"
deps = {}

[pinned.devnet.Sui]
source = { git = "https://github.com/MystenLabs/sui.git", subdir = "crates/sui-framework/packages/sui-framework", rev = "22f9fc9781732d651e18384c9a8eb1dabddf73a6" }
use_environment = "devnet"
manifest_digest = "E2EF92175C2575B1EA85274B70A9CFD8DE08662B35A68669746BBE7BAC06C17A"
deps = { MoveStdlib = "MoveStdlib" }

[pinned.devnet.Sui_1]
source = { local = "/home/naru/my_apps/nasun-devnet/sui/crates/sui-framework/packages/sui-framework" }
use_environment = "devnet"
manifest_digest = "E2EF92175C2575B1EA85274B70A9CFD8DE08662B35A68669746BBE7BAC06C17A"
deps = { MoveStdlib = "MoveStdlib_1" }

[pinned.devnet.baram]
source = { local = "../../apps/baram/contracts" }
use_environment = "devnet"
manifest_digest = "DCE7F3D99FFC9D98B7620FDBC2C2E8A867C6252D240B34D6FDD9F15A4F88BC45"
deps = { devnet_tokens = "devnet_tokens", std = "MoveStdlib", sui = "Sui" }

[pinned.devnet.baram_aer]
source = { local = "../../apps/baram/contracts-aer" }
use_environment = "devnet"
manifest_digest = "97F2E83A7A5539E2CF9554FFBEC456CB792A1C16FC36DC7FFE300D98AA24D1F1"
deps = { MoveStdlib = "MoveStdlib_1", Sui = "Sui_1", baram = "baram" }

[pinned.devnet.baram_agent]
source = { local = "../../apps/baram/contracts-agent" }
use_environment = "devnet"
manifest_digest = "D753EFE50789161503BEDFF442C2F3653AE256963623AA8BF35DD0142DB99258"
deps = { Sui = "Sui_1" }

[pinned.devnet.deepbook]
source = { local = "../../apps/pado/deepbookv3/packages/deepbook" }
use_environment = "devnet"
manifest_digest = "4020D0C4027A1884221EBF3785816569E3F1D89E3BC7E57C54591A5B999BAB18"
deps = { nasun_tier = "nasun_tier", std = "MoveStdlib", sui = "Sui", token = "token" }

[pinned.devnet.devnet_tokens]
source = { local = "/home/naru/my_apps/nasun-monorepo/packages/devnet-tokens" }
use_environment = "devnet"
manifest_digest = "41D1BDD28F3C119A169CE18934867517916EFC7FB9628B27D00844D146B950C3"
deps = { std = "MoveStdlib", sui = "Sui" }

[pinned.devnet.devnet_tokens_1]
source = { local = "../devnet-tokens" }
use_environment = "devnet"
manifest_digest = "41D1BDD28F3C119A169CE18934867517916EFC7FB9628B27D00844D146B950C3"
deps = { std = "MoveStdlib", sui = "Sui" }

[pinned.devnet.nasun_tier]
source = { local = "../../packages/nasun-tier" }
use_environment = "devnet"
manifest_digest = "41D1BDD28F3C119A169CE18934867517916EFC7FB9628B27D00844D146B950C3"
deps = { std = "MoveStdlib", sui = "Sui" }

[pinned.devnet.nasun_tier_1]
source = { local = "../nasun-tier" }
use_environment = "devnet"
manifest_digest = "41D1BDD28F3C119A169CE18934867517916EFC7FB9628B27D00844D146B950C3"
deps = { std = "MoveStdlib", sui = "Sui" }

[pinned.devnet.nasun_vault]
source = { root = true }
use_environment = "devnet"
manifest_digest = "59CE61B4D62759B2D8ACAD4F5A3CE75FDEA02BD8828547B4D9DCCD86489397F8"
deps = { baram_aer = "baram_aer", baram_agent = "baram_agent", deepbook = "deepbook", devnet_tokens = "devnet_tokens_1", nasun_tier = "nasun_tier_1", std = "MoveStdlib", sui = "Sui", token = "token" }

[pinned.devnet.token]
source = { local = "../../apps/pado/deepbookv3/packages/token" }
use_environment = "devnet"
manifest_digest = "41D1BDD28F3C119A169CE18934867517916EFC7FB9628B27D00844D146B950C3"
deps = { std = "MoveStdlib", sui = "Sui" }
