# Generated by move; do not edit
# This file should be checked in.

[move]
version = 3
manifest_digest = "3F0CC2BEBEE79CCD4CBFFB54B4E213D7C10D9FFEE2722544E7E61FC1C5511A8F"
deps_digest = "3C4103934B1E040BB6B23F1D610B4EF9F2F1166A50A104EADCF77467C004C600"
dependencies = [
  { id = "Sui", name = "Sui" },
  { id = "pado_tokens", name = "pado_tokens" },
]

[[move.package]]
id = "MoveStdlib"
source = { local = "/home/naru/my_apps/nasun-devnet/sui/crates/sui-framework/packages/move-stdlib" }

[[move.package]]
id = "Sui"
source = { local = "/home/naru/my_apps/nasun-devnet/sui/crates/sui-framework/packages/sui-framework" }

dependencies = [
  { id = "MoveStdlib", name = "MoveStdlib" },
]

[[move.package]]
id = "pado_tokens"
source = { local = "../contracts" }

dependencies = [
  { id = "Sui", name = "Sui" },
]

[move.toolchain-version]
compiler-version = "1.62.1"
edition = "2024.beta"
flavor = "sui"

[pinned.devnet.MoveStdlib]
source = { git = "https://github.com/MystenLabs/sui.git", subdir = "crates/sui-framework/packages/move-stdlib", rev = "22f9fc9781732d651e18384c9a8eb1dabddf73a6" }
use_environment = "devnet"
manifest_digest = "C4FE4C91DE74CBF223B2E380AE40F592177D21870DC2D7EB6227D2D694E05363"
deps = {}

[pinned.devnet.MoveStdlib_1]
source = { local = "/home/naru/my_apps/nasun-devnet/sui/crates/sui-framework/packages/move-stdlib" }
use_environment = "devnet"
manifest_digest = "C4FE4C91DE74CBF223B2E380AE40F592177D21870DC2D7EB6227D2D694E05363"
deps = {}

[pinned.devnet.Sui]
source = { git = "https://github.com/MystenLabs/sui.git", subdir = "crates/sui-framework/packages/sui-framework", rev = "22f9fc9781732d651e18384c9a8eb1dabddf73a6" }
use_environment = "devnet"
manifest_digest = "E2EF92175C2575B1EA85274B70A9CFD8DE08662B35A68669746BBE7BAC06C17A"
deps = { MoveStdlib = "MoveStdlib" }

[pinned.devnet.Sui_1]
source = { local = "/home/naru/my_apps/nasun-devnet/sui/crates/sui-framework/packages/sui-framework" }
use_environment = "devnet"
manifest_digest = "E2EF92175C2575B1EA85274B70A9CFD8DE08662B35A68669746BBE7BAC06C17A"
deps = { MoveStdlib = "MoveStdlib_1" }

[pinned.devnet.pado_prediction]
source = { root = true }
use_environment = "devnet"
manifest_digest = "93207CA876977448E3A9F2B15C53BC9068A1BB14E9E58763773F9F5D728B57B2"
deps = { pado_tokens = "pado_tokens", std = "MoveStdlib", sui = "Sui" }

[pinned.devnet.pado_tokens]
source = { local = "../contracts" }
use_environment = "devnet"
manifest_digest = "D753EFE50789161503BEDFF442C2F3653AE256963623AA8BF35DD0142DB99258"
deps = { Sui = "Sui_1" }

[pinned.testnet.MoveStdlib]
source = { git = "https://github.com/MystenLabs/sui.git", subdir = "crates/sui-framework/packages/move-stdlib", rev = "563c15820b27dec9cbe75f826a3b6243ef44da1a" }
use_environment = "testnet"
manifest_digest = "C4FE4C91DE74CBF223B2E380AE40F592177D21870DC2D7EB6227D2D694E05363"
deps = {}

[pinned.testnet.MoveStdlib_1]
source = { local = "/home/naru/my_apps/nasun-devnet/sui/crates/sui-framework/packages/move-stdlib" }
use_environment = "testnet"
manifest_digest = "C4FE4C91DE74CBF223B2E380AE40F592177D21870DC2D7EB6227D2D694E05363"
deps = {}

[pinned.testnet.Sui]
source = { git = "https://github.com/MystenLabs/sui.git", subdir = "crates/sui-framework/packages/sui-framework", rev = "563c15820b27dec9cbe75f826a3b6243ef44da1a" }
use_environment = "testnet"
manifest_digest = "7AFB66695545775FBFBB2D3078ADFD084244D5002392E837FDE21D9EA1C6D01C"
deps = { MoveStdlib = "MoveStdlib" }

[pinned.testnet.Sui_1]
source = { local = "/home/naru/my_apps/nasun-devnet/sui/crates/sui-framework/packages/sui-framework" }
use_environment = "testnet"
manifest_digest = "7AFB66695545775FBFBB2D3078ADFD084244D5002392E837FDE21D9EA1C6D01C"
deps = { MoveStdlib = "MoveStdlib_1" }

[pinned.testnet.pado_prediction]
source = { root = true }
use_environment = "testnet"
manifest_digest = "12F272B39CF2A836755A8C036F5956FDA5BC471FC62E67F533C7565B72F8B68D"
deps = { pado_tokens = "pado_tokens", std = "MoveStdlib", sui = "Sui" }

[pinned.testnet.pado_tokens]
source = { local = "../contracts" }
use_environment = "testnet"
manifest_digest = "6CED66EA1768994169D16E035FD20FEF7C32C432A4CC5696476234A79C14CE40"
deps = { Sui = "Sui_1" }

[env]

[env.devnet]
chain-id = "12bf3808"
original-published-id = "0x8c9423b4e64ee673171e46a21f0d41b9d58f67afecda23caf010bca78be05f0b"
latest-published-id = "0x8c9423b4e64ee673171e46a21f0d41b9d58f67afecda23caf010bca78be05f0b"
published-version = "1"
