# @generated by Move, please check-in and do not edit manually.

[move]
version = 3
manifest_digest = "273284E71F0C8AD0F440AB2A5338D49DF40D6F2218C8A3CDF02691B4316BA2FB"
deps_digest = "F8BBB0CCB2491CA29A3DF03D6F92277A4F3574266507ACD77214D37ECA3F3082"
dependencies = [
  { id = "Sui", name = "Sui" },
]

[[move.package]]
id = "MoveStdlib"
source = { git = "https://github.com/MystenLabs/sui.git", rev = "mainnet-v1.37.3", subdir = "crates/sui-framework/packages/move-stdlib" }

[[move.package]]
id = "Sui"
source = { git = "https://github.com/MystenLabs/sui.git", rev = "mainnet-v1.37.3", subdir = "crates/sui-framework/packages/sui-framework" }

dependencies = [
  { id = "MoveStdlib", name = "MoveStdlib" },
]

[move.toolchain-version]
compiler-version = "1.62.1"
edition = "2024.beta"
flavor = "sui"

[env]

[env.devnet]
chain-id = "4c879694"
original-published-id = "0x10ffe5c6fe47e6e046a0692863937d270708f4bf8f74c18aab578c97b862f84c"
latest-published-id = "0x10ffe5c6fe47e6e046a0692863937d270708f4bf8f74c18aab578c97b862f84c"
published-version = "1"
